
Microsoft Visual Studio Solution File, Format Version 12.00
# Visual Studio Version 16
VisualStudioVersion = 16.0.31702.278
MinimumVisualStudioVersion = 10.0.40219.1
Project("{9A19103F-16F7-4668-BE54-9A1E7A4F7556}") = "Les6SYS", "Les6SYS.csproj", "{0B763D63-7A1B-4D5E-90CC-09C1052669BB}"
EndProject
Global
	GlobalSection(SolutionConfigurationPlatforms) = preSolution
		Debug|Any CPU = Debug|Any CPU
		Release|Any CPU = Release|Any CPU
	EndGlobalSection
	GlobalSection(ProjectConfigurationPlatforms) = postSolution
		{0B763D63-7A1B-4D5E-90CC-09C1052669BB}.Debug|Any CPU.ActiveCfg = Debug|Any CPU
		{0B763D63-7A1B-4D5E-90CC-09C1052669BB}.Debug|Any CPU.Build.0 = Debug|Any CPU
		{0B763D63-7A1B-4D5E-90CC-09C1052669BB}.Release|Any CPU.ActiveCfg = Release|Any CPU
		{0B763D63-7A1B-4D5E-90CC-09C1052669BB}.Release|Any CPU.Build.0 = Release|Any CPU
	EndGlobalSection
	GlobalSection(SolutionProperties) = preSolution
		HideSolutionNode = FALSE
	EndGlobalSection
	GlobalSection(ExtensibilityGlobals) = postSolution
		SolutionGuid = {C922F698-3F37-41C7-BD63-4C130E82FB25}
	EndGlobalSection
EndGlobal
