
Microsoft Visual Studio Solution File, Format Version 12.00
# Visual Studio Version 16
VisualStudioVersion = 16.0.31702.278
MinimumVisualStudioVersion = 10.0.40219.1
Project("{FAE04EC0-301F-11D3-BF4B-00C04F79EFBC}") = "Les6SYS", "Les6SYS.csproj", "{BEDF847D-7523-4A27-9AC3-F5B2818583FA}"
EndProject
Global
	GlobalSection(SolutionConfigurationPlatforms) = preSolution
		Debug|Any CPU = Debug|Any CPU
		Release|Any CPU = Release|Any CPU
	EndGlobalSection
	GlobalSection(ProjectConfigurationPlatforms) = postSolution
		{BEDF847D-7523-4A27-9AC3-F5B2818583FA}.Debug|Any CPU.ActiveCfg = Debug|Any CPU
		{BEDF847D-7523-4A27-9AC3-F5B2818583FA}.Debug|Any CPU.Build.0 = Debug|Any CPU
		{BEDF847D-7523-4A27-9AC3-F5B2818583FA}.Release|Any CPU.ActiveCfg = Release|Any CPU
		{BEDF847D-7523-4A27-9AC3-F5B2818583FA}.Release|Any CPU.Build.0 = Release|Any CPU
	EndGlobalSection
	GlobalSection(SolutionProperties) = preSolution
		HideSolutionNode = FALSE
	EndGlobalSection
	GlobalSection(ExtensibilityGlobals) = postSolution
		SolutionGuid = {38F5303D-2BF8-4D85-8994-5E8332C5AA70}
	EndGlobalSection
EndGlobal
