
Microsoft Visual Studio Solution File, Format Version 12.00
# Visual Studio Version 16
VisualStudioVersion = 16.0.31702.278
MinimumVisualStudioVersion = 10.0.40219.1
Project("{FAE04EC0-301F-11D3-BF4B-00C04F79EFBC}") = "debugleren", "debugleren.csproj", "{419786F6-83BD-44EB-B1B7-A45232E241BB}"
EndProject
Global
	GlobalSection(SolutionConfigurationPlatforms) = preSolution
		Debug|Any CPU = Debug|Any CPU
		Release|Any CPU = Release|Any CPU
	EndGlobalSection
	GlobalSection(ProjectConfigurationPlatforms) = postSolution
		{419786F6-83BD-44EB-B1B7-A45232E241BB}.Debug|Any CPU.ActiveCfg = Debug|Any CPU
		{419786F6-83BD-44EB-B1B7-A45232E241BB}.Debug|Any CPU.Build.0 = Debug|Any CPU
		{419786F6-83BD-44EB-B1B7-A45232E241BB}.Release|Any CPU.ActiveCfg = Release|Any CPU
		{419786F6-83BD-44EB-B1B7-A45232E241BB}.Release|Any CPU.Build.0 = Release|Any CPU
	EndGlobalSection
	GlobalSection(SolutionProperties) = preSolution
		HideSolutionNode = FALSE
	EndGlobalSection
	GlobalSection(ExtensibilityGlobals) = postSolution
		SolutionGuid = {AEB5B9BA-2B58-48FE-BD8A-E0522A5602DA}
	EndGlobalSection
EndGlobal
